
Microsoft Visual Studio Solution File, Format Version 12.00
# Visual Studio Version 17
VisualStudioVersion = 17.1.32414.318
MinimumVisualStudioVersion = 10.0.40219.1
Project("{9A19103F-16F7-4668-BE54-9A1E7A4F7556}") = "AllAPIService.Api", "AllAPIService.Api.csproj", "{9ADD9EE3-E447-4E84-8689-F393193AD03B}"
EndProject
Project("{9A19103F-16F7-4668-BE54-9A1E7A4F7556}") = "AllAPIService.Models", "..\AllAPIService.Models\AllAPIService.Models.csproj", "{1BE16BB8-531E-443A-BA2A-826BDE2F4B76}"
EndProject
Project("{9A19103F-16F7-4668-BE54-9A1E7A4F7556}") = "AllAPIService.IRepository", "..\AllAPIService.IRepository\AllAPIService.IRepository.csproj", "{9486EB1E-28E6-4BF1-8F9C-20FA114E4960}"
EndProject
Project("{9A19103F-16F7-4668-BE54-9A1E7A4F7556}") = "AllAPIService.Repository", "..\AllAPIService.Repository\AllAPIService.Repository.csproj", "{6FBAD922-25B9-48B0-9836-120ED26D1D5A}"
EndProject
Project("{FAE04EC0-301F-11D3-BF4B-00C04F79EFBC}") = "AllAPIService.Tests", "..\AllAPIService.Tests\AllAPIService.Tests.csproj", "{50213B50-A06D-41AC-9199-D259FB01B0A4}"
EndProject
Global
	GlobalSection(SolutionConfigurationPlatforms) = preSolution
		Debug|Any CPU = Debug|Any CPU
		Release|Any CPU = Release|Any CPU
	EndGlobalSection
	GlobalSection(ProjectConfigurationPlatforms) = postSolution
		{9ADD9EE3-E447-4E84-8689-F393193AD03B}.Debug|Any CPU.ActiveCfg = Debug|Any CPU
		{9ADD9EE3-E447-4E84-8689-F393193AD03B}.Debug|Any CPU.Build.0 = Debug|Any CPU
		{9ADD9EE3-E447-4E84-8689-F393193AD03B}.Release|Any CPU.ActiveCfg = Release|Any CPU
		{9ADD9EE3-E447-4E84-8689-F393193AD03B}.Release|Any CPU.Build.0 = Release|Any CPU
		{1BE16BB8-531E-443A-BA2A-826BDE2F4B76}.Debug|Any CPU.ActiveCfg = Debug|Any CPU
		{1BE16BB8-531E-443A-BA2A-826BDE2F4B76}.Debug|Any CPU.Build.0 = Debug|Any CPU
		{1BE16BB8-531E-443A-BA2A-826BDE2F4B76}.Release|Any CPU.ActiveCfg = Release|Any CPU
		{1BE16BB8-531E-443A-BA2A-826BDE2F4B76}.Release|Any CPU.Build.0 = Release|Any CPU
		{9486EB1E-28E6-4BF1-8F9C-20FA114E4960}.Debug|Any CPU.ActiveCfg = Debug|Any CPU
		{9486EB1E-28E6-4BF1-8F9C-20FA114E4960}.Debug|Any CPU.Build.0 = Debug|Any CPU
		{9486EB1E-28E6-4BF1-8F9C-20FA114E4960}.Release|Any CPU.ActiveCfg = Release|Any CPU
		{9486EB1E-28E6-4BF1-8F9C-20FA114E4960}.Release|Any CPU.Build.0 = Release|Any CPU
		{6FBAD922-25B9-48B0-9836-120ED26D1D5A}.Debug|Any CPU.ActiveCfg = Debug|Any CPU
		{6FBAD922-25B9-48B0-9836-120ED26D1D5A}.Debug|Any CPU.Build.0 = Debug|Any CPU
		{6FBAD922-25B9-48B0-9836-120ED26D1D5A}.Release|Any CPU.ActiveCfg = Release|Any CPU
		{6FBAD922-25B9-48B0-9836-120ED26D1D5A}.Release|Any CPU.Build.0 = Release|Any CPU
		{50213B50-A06D-41AC-9199-D259FB01B0A4}.Debug|Any CPU.ActiveCfg = Debug|Any CPU
		{50213B50-A06D-41AC-9199-D259FB01B0A4}.Debug|Any CPU.Build.0 = Debug|Any CPU
		{50213B50-A06D-41AC-9199-D259FB01B0A4}.Release|Any CPU.ActiveCfg = Release|Any CPU
		{50213B50-A06D-41AC-9199-D259FB01B0A4}.Release|Any CPU.Build.0 = Release|Any CPU
	EndGlobalSection
	GlobalSection(SolutionProperties) = preSolution
		HideSolutionNode = FALSE
	EndGlobalSection
	GlobalSection(ExtensibilityGlobals) = postSolution
		SolutionGuid = {03B13360-834C-4C06-AA54-7484B4280F27}
	EndGlobalSection
EndGlobal
